
Microsoft Visual Studio Solution File, Format Version 12.00
# Visual Studio Version 16
VisualStudioVersion = 16.0.34601.136
MinimumVisualStudioVersion = 10.0.40219.1
Project("{FAE04EC0-301F-11D3-BF4B-00C04F79EFBC}") = "Revisao_Forms", "Revisao_Forms.csproj", "{E941331D-9151-4EB8-8E07-FFB0FE6E7945}"
EndProject
Global
	GlobalSection(SolutionConfigurationPlatforms) = preSolution
		Debug|Any CPU = Debug|Any CPU
		Release|Any CPU = Release|Any CPU
	EndGlobalSection
	GlobalSection(ProjectConfigurationPlatforms) = postSolution
		{E941331D-9151-4EB8-8E07-FFB0FE6E7945}.Debug|Any CPU.ActiveCfg = Debug|Any CPU
		{E941331D-9151-4EB8-8E07-FFB0FE6E7945}.Debug|Any CPU.Build.0 = Debug|Any CPU
		{E941331D-9151-4EB8-8E07-FFB0FE6E7945}.Release|Any CPU.ActiveCfg = Release|Any CPU
		{E941331D-9151-4EB8-8E07-FFB0FE6E7945}.Release|Any CPU.Build.0 = Release|Any CPU
	EndGlobalSection
	GlobalSection(SolutionProperties) = preSolution
		HideSolutionNode = FALSE
	EndGlobalSection
	GlobalSection(ExtensibilityGlobals) = postSolution
		SolutionGuid = {1447D490-A0FD-4ABA-894E-7285A70F4C35}
	EndGlobalSection
EndGlobal
